
Microsoft Visual Studio Solution File, Format Version 12.00
Project("{FAE04EC0-301F-11D3-BF4B-00C04F79EFBC}") = "ApiGateway", "ApiGateway\ApiGateway.csproj", "{AF7082B9-0751-43FD-BC58-10C21C68FDFD}"
EndProject
Project("{FAE04EC0-301F-11D3-BF4B-00C04F79EFBC}") = "Service02GRPC", "Service02GRPC\Service02GRPC.csproj", "{D3CC03CC-7740-4904-A8EE-809DF1DECC40}"
EndProject
Project("{FAE04EC0-301F-11D3-BF4B-00C04F79EFBC}") = "Service03HTTP", "Service03HTTP\Service03HTTP.csproj", "{A4770B46-181F-4EBB-949F-5B6DC99925F6}"
EndProject
Project("{FAE04EC0-301F-11D3-BF4B-00C04F79EFBC}") = "Service01HTTP", "Service01HTTP\Service01HTTP.csproj", "{5F8AA29C-9D7D-4714-8765-165BB8FD93F7}"
EndProject
Global
	GlobalSection(SolutionConfigurationPlatforms) = preSolution
		Debug|Any CPU = Debug|Any CPU
		Release|Any CPU = Release|Any CPU
	EndGlobalSection
	GlobalSection(ProjectConfigurationPlatforms) = postSolution
		{AF7082B9-0751-43FD-BC58-10C21C68FDFD}.Debug|Any CPU.ActiveCfg = Debug|Any CPU
		{AF7082B9-0751-43FD-BC58-10C21C68FDFD}.Debug|Any CPU.Build.0 = Debug|Any CPU
		{AF7082B9-0751-43FD-BC58-10C21C68FDFD}.Release|Any CPU.ActiveCfg = Release|Any CPU
		{AF7082B9-0751-43FD-BC58-10C21C68FDFD}.Release|Any CPU.Build.0 = Release|Any CPU
		{D3CC03CC-7740-4904-A8EE-809DF1DECC40}.Debug|Any CPU.ActiveCfg = Debug|Any CPU
		{D3CC03CC-7740-4904-A8EE-809DF1DECC40}.Debug|Any CPU.Build.0 = Debug|Any CPU
		{D3CC03CC-7740-4904-A8EE-809DF1DECC40}.Release|Any CPU.ActiveCfg = Release|Any CPU
		{D3CC03CC-7740-4904-A8EE-809DF1DECC40}.Release|Any CPU.Build.0 = Release|Any CPU
		{A4770B46-181F-4EBB-949F-5B6DC99925F6}.Debug|Any CPU.ActiveCfg = Debug|Any CPU
		{A4770B46-181F-4EBB-949F-5B6DC99925F6}.Debug|Any CPU.Build.0 = Debug|Any CPU
		{A4770B46-181F-4EBB-949F-5B6DC99925F6}.Release|Any CPU.ActiveCfg = Release|Any CPU
		{A4770B46-181F-4EBB-949F-5B6DC99925F6}.Release|Any CPU.Build.0 = Release|Any CPU
		{5F8AA29C-9D7D-4714-8765-165BB8FD93F7}.Debug|Any CPU.ActiveCfg = Debug|Any CPU
		{5F8AA29C-9D7D-4714-8765-165BB8FD93F7}.Debug|Any CPU.Build.0 = Debug|Any CPU
		{5F8AA29C-9D7D-4714-8765-165BB8FD93F7}.Release|Any CPU.ActiveCfg = Release|Any CPU
		{5F8AA29C-9D7D-4714-8765-165BB8FD93F7}.Release|Any CPU.Build.0 = Release|Any CPU
	EndGlobalSection
EndGlobal
